
Microsoft Visual Studio Solution File, Format Version 12.00
# Visual Studio 15
VisualStudioVersion = 15.0.27703.2000
MinimumVisualStudioVersion = 10.0.40219.1
Project("{FAE04EC0-301F-11D3-BF4B-00C04F79EFBC}") = "Client", "Client\Client.csproj", "{FC64EAD0-A2CD-4890-9730-5A40431D1DF0}"
EndProject
Project("{FAE04EC0-301F-11D3-BF4B-00C04F79EFBC}") = "Server", "Server\Server.csproj", "{396A3FF4-97AF-4B78-9269-0B07A839602A}"
EndProject
Project("{9A19103F-16F7-4668-BE54-9A1E7A4F7556}") = "Serialization", "Serialization\Serialization.csproj", "{17A6C0CA-8BC2-4F52-88A6-37753C8DF71C}"
EndProject
Global
	GlobalSection(SolutionConfigurationPlatforms) = preSolution
		Debug|Any CPU = Debug|Any CPU
		Release|Any CPU = Release|Any CPU
	EndGlobalSection
	GlobalSection(ProjectConfigurationPlatforms) = postSolution
		{FC64EAD0-A2CD-4890-9730-5A40431D1DF0}.Debug|Any CPU.ActiveCfg = Debug|Any CPU
		{FC64EAD0-A2CD-4890-9730-5A40431D1DF0}.Debug|Any CPU.Build.0 = Debug|Any CPU
		{FC64EAD0-A2CD-4890-9730-5A40431D1DF0}.Release|Any CPU.ActiveCfg = Release|Any CPU
		{FC64EAD0-A2CD-4890-9730-5A40431D1DF0}.Release|Any CPU.Build.0 = Release|Any CPU
		{396A3FF4-97AF-4B78-9269-0B07A839602A}.Debug|Any CPU.ActiveCfg = Debug|Any CPU
		{396A3FF4-97AF-4B78-9269-0B07A839602A}.Debug|Any CPU.Build.0 = Debug|Any CPU
		{396A3FF4-97AF-4B78-9269-0B07A839602A}.Release|Any CPU.ActiveCfg = Release|Any CPU
		{396A3FF4-97AF-4B78-9269-0B07A839602A}.Release|Any CPU.Build.0 = Release|Any CPU
		{17A6C0CA-8BC2-4F52-88A6-37753C8DF71C}.Debug|Any CPU.ActiveCfg = Debug|Any CPU
		{17A6C0CA-8BC2-4F52-88A6-37753C8DF71C}.Debug|Any CPU.Build.0 = Debug|Any CPU
		{17A6C0CA-8BC2-4F52-88A6-37753C8DF71C}.Release|Any CPU.ActiveCfg = Release|Any CPU
		{17A6C0CA-8BC2-4F52-88A6-37753C8DF71C}.Release|Any CPU.Build.0 = Release|Any CPU
	EndGlobalSection
	GlobalSection(SolutionProperties) = preSolution
		HideSolutionNode = FALSE
	EndGlobalSection
	GlobalSection(ExtensibilityGlobals) = postSolution
		SolutionGuid = {D653F9AA-5AF4-402D-8877-599431D27FE1}
	EndGlobalSection
EndGlobal
